
Microsoft Visual Studio Solution File, Format Version 12.00
# Visual Studio 14
VisualStudioVersion = 14.0.23107.0
MinimumVisualStudioVersion = 10.0.40219.1
Project("{FAE04EC0-301F-11D3-BF4B-00C04F79EFBC}") = "projeto-1", "SignalR_projeto1\projeto-1.csproj", "{BA5B73B4-0CC3-46A6-9B2A-814284EDEE68}"
EndProject
Project("{FAE04EC0-301F-11D3-BF4B-00C04F79EFBC}") = "projeto2", "projeto2\projeto2.csproj", "{60A93140-3069-4305-BC84-E16DE64CCBE7}"
EndProject
Project("{FAE04EC0-301F-11D3-BF4B-00C04F79EFBC}") = "projeto-3", "projeto\projeto-3.csproj", "{276DD6B7-FB9F-4CB4-8225-32E3AF0E1ECA}"
EndProject
Project("{FAE04EC0-301F-11D3-BF4B-00C04F79EFBC}") = "projeto4", "projeto4\projeto4.csproj", "{273464E5-40C0-44AA-A4DF-205B14096947}"
EndProject
Project("{FAE04EC0-301F-11D3-BF4B-00C04F79EFBC}") = "projeto-5", "projeto-5\projeto-5.csproj", "{1874F75C-619E-4575-A312-BD358A31198E}"
EndProject
Project("{FAE04EC0-301F-11D3-BF4B-00C04F79EFBC}") = "projeto6", "projeto6\projeto6.csproj", "{49E5816E-5397-4174-AC76-9458984A03D5}"
EndProject
Project("{FAE04EC0-301F-11D3-BF4B-00C04F79EFBC}") = "projeto-7", "projeto-7\projeto-7.csproj", "{0A47234C-FA6B-4728-843A-9E99512D4118}"
EndProject
Project("{FAE04EC0-301F-11D3-BF4B-00C04F79EFBC}") = "projeto8", "projeto8\projeto8.csproj", "{C3DB7A75-8142-40C5-BA3B-B0B687097217}"
EndProject
Project("{FAE04EC0-301F-11D3-BF4B-00C04F79EFBC}") = "projeto-9", "project-9\projeto-9.csproj", "{52F26EB5-2582-4ACB-947A-39FB3AF72C23}"
EndProject
Project("{FAE04EC0-301F-11D3-BF4B-00C04F79EFBC}") = "projeto-10", "projeto10\projeto-10.csproj", "{6862DB7B-1922-4F24-928A-FE19AB30166D}"
EndProject
Global
	GlobalSection(SolutionConfigurationPlatforms) = preSolution
		Debug|Any CPU = Debug|Any CPU
		Release|Any CPU = Release|Any CPU
	EndGlobalSection
	GlobalSection(ProjectConfigurationPlatforms) = postSolution
		{BA5B73B4-0CC3-46A6-9B2A-814284EDEE68}.Debug|Any CPU.ActiveCfg = Debug|Any CPU
		{BA5B73B4-0CC3-46A6-9B2A-814284EDEE68}.Debug|Any CPU.Build.0 = Debug|Any CPU
		{BA5B73B4-0CC3-46A6-9B2A-814284EDEE68}.Release|Any CPU.ActiveCfg = Release|Any CPU
		{BA5B73B4-0CC3-46A6-9B2A-814284EDEE68}.Release|Any CPU.Build.0 = Release|Any CPU
		{60A93140-3069-4305-BC84-E16DE64CCBE7}.Debug|Any CPU.ActiveCfg = Debug|Any CPU
		{60A93140-3069-4305-BC84-E16DE64CCBE7}.Debug|Any CPU.Build.0 = Debug|Any CPU
		{60A93140-3069-4305-BC84-E16DE64CCBE7}.Release|Any CPU.ActiveCfg = Release|Any CPU
		{60A93140-3069-4305-BC84-E16DE64CCBE7}.Release|Any CPU.Build.0 = Release|Any CPU
		{276DD6B7-FB9F-4CB4-8225-32E3AF0E1ECA}.Debug|Any CPU.ActiveCfg = Debug|Any CPU
		{276DD6B7-FB9F-4CB4-8225-32E3AF0E1ECA}.Debug|Any CPU.Build.0 = Debug|Any CPU
		{276DD6B7-FB9F-4CB4-8225-32E3AF0E1ECA}.Release|Any CPU.ActiveCfg = Release|Any CPU
		{276DD6B7-FB9F-4CB4-8225-32E3AF0E1ECA}.Release|Any CPU.Build.0 = Release|Any CPU
		{273464E5-40C0-44AA-A4DF-205B14096947}.Debug|Any CPU.ActiveCfg = Debug|Any CPU
		{273464E5-40C0-44AA-A4DF-205B14096947}.Debug|Any CPU.Build.0 = Debug|Any CPU
		{273464E5-40C0-44AA-A4DF-205B14096947}.Release|Any CPU.ActiveCfg = Release|Any CPU
		{273464E5-40C0-44AA-A4DF-205B14096947}.Release|Any CPU.Build.0 = Release|Any CPU
		{1874F75C-619E-4575-A312-BD358A31198E}.Debug|Any CPU.ActiveCfg = Debug|Any CPU
		{1874F75C-619E-4575-A312-BD358A31198E}.Debug|Any CPU.Build.0 = Debug|Any CPU
		{1874F75C-619E-4575-A312-BD358A31198E}.Release|Any CPU.ActiveCfg = Release|Any CPU
		{1874F75C-619E-4575-A312-BD358A31198E}.Release|Any CPU.Build.0 = Release|Any CPU
		{49E5816E-5397-4174-AC76-9458984A03D5}.Debug|Any CPU.ActiveCfg = Debug|Any CPU
		{49E5816E-5397-4174-AC76-9458984A03D5}.Debug|Any CPU.Build.0 = Debug|Any CPU
		{49E5816E-5397-4174-AC76-9458984A03D5}.Release|Any CPU.ActiveCfg = Release|Any CPU
		{49E5816E-5397-4174-AC76-9458984A03D5}.Release|Any CPU.Build.0 = Release|Any CPU
		{0A47234C-FA6B-4728-843A-9E99512D4118}.Debug|Any CPU.ActiveCfg = Debug|Any CPU
		{0A47234C-FA6B-4728-843A-9E99512D4118}.Debug|Any CPU.Build.0 = Debug|Any CPU
		{0A47234C-FA6B-4728-843A-9E99512D4118}.Release|Any CPU.ActiveCfg = Release|Any CPU
		{0A47234C-FA6B-4728-843A-9E99512D4118}.Release|Any CPU.Build.0 = Release|Any CPU
		{C3DB7A75-8142-40C5-BA3B-B0B687097217}.Debug|Any CPU.ActiveCfg = Debug|Any CPU
		{C3DB7A75-8142-40C5-BA3B-B0B687097217}.Debug|Any CPU.Build.0 = Debug|Any CPU
		{C3DB7A75-8142-40C5-BA3B-B0B687097217}.Release|Any CPU.ActiveCfg = Release|Any CPU
		{C3DB7A75-8142-40C5-BA3B-B0B687097217}.Release|Any CPU.Build.0 = Release|Any CPU
		{52F26EB5-2582-4ACB-947A-39FB3AF72C23}.Debug|Any CPU.ActiveCfg = Debug|Any CPU
		{52F26EB5-2582-4ACB-947A-39FB3AF72C23}.Debug|Any CPU.Build.0 = Debug|Any CPU
		{52F26EB5-2582-4ACB-947A-39FB3AF72C23}.Release|Any CPU.ActiveCfg = Release|Any CPU
		{52F26EB5-2582-4ACB-947A-39FB3AF72C23}.Release|Any CPU.Build.0 = Release|Any CPU
		{6862DB7B-1922-4F24-928A-FE19AB30166D}.Debug|Any CPU.ActiveCfg = Debug|Any CPU
		{6862DB7B-1922-4F24-928A-FE19AB30166D}.Debug|Any CPU.Build.0 = Debug|Any CPU
		{6862DB7B-1922-4F24-928A-FE19AB30166D}.Release|Any CPU.ActiveCfg = Release|Any CPU
		{6862DB7B-1922-4F24-928A-FE19AB30166D}.Release|Any CPU.Build.0 = Release|Any CPU
	EndGlobalSection
	GlobalSection(SolutionProperties) = preSolution
		HideSolutionNode = FALSE
	EndGlobalSection
EndGlobal
